
Microsoft Visual Studio Solution File, Format Version 12.00
# Visual Studio Version 16
VisualStudioVersion = 16.0.31729.503
MinimumVisualStudioVersion = 10.0.40219.1
Project("{8BC9CEB8-8B4A-11D0-8D11-00A0C91BC942}") = "cppClass_And_Pointer_Combined_Exercise", "cppClass_And_Pointer_Combined_Exercise\cppClass_And_Pointer_Combined_Exercise.vcxproj", "{B48DF152-93E7-4725-9DFD-99C4C02F7B78}"
EndProject
Global
	GlobalSection(SolutionConfigurationPlatforms) = preSolution
		Debug|x64 = Debug|x64
		Debug|x86 = Debug|x86
		Release|x64 = Release|x64
		Release|x86 = Release|x86
	EndGlobalSection
	GlobalSection(ProjectConfigurationPlatforms) = postSolution
		{B48DF152-93E7-4725-9DFD-99C4C02F7B78}.Debug|x64.ActiveCfg = Debug|x64
		{B48DF152-93E7-4725-9DFD-99C4C02F7B78}.Debug|x64.Build.0 = Debug|x64
		{B48DF152-93E7-4725-9DFD-99C4C02F7B78}.Debug|x86.ActiveCfg = Debug|Win32
		{B48DF152-93E7-4725-9DFD-99C4C02F7B78}.Debug|x86.Build.0 = Debug|Win32
		{B48DF152-93E7-4725-9DFD-99C4C02F7B78}.Release|x64.ActiveCfg = Release|x64
		{B48DF152-93E7-4725-9DFD-99C4C02F7B78}.Release|x64.Build.0 = Release|x64
		{B48DF152-93E7-4725-9DFD-99C4C02F7B78}.Release|x86.ActiveCfg = Release|Win32
		{B48DF152-93E7-4725-9DFD-99C4C02F7B78}.Release|x86.Build.0 = Release|Win32
	EndGlobalSection
	GlobalSection(SolutionProperties) = preSolution
		HideSolutionNode = FALSE
	EndGlobalSection
	GlobalSection(ExtensibilityGlobals) = postSolution
		SolutionGuid = {046E3753-AFBE-43DD-A035-97FD82738DDA}
	EndGlobalSection
EndGlobal
